// !$*UTF8*$!
{
	archiveVersion = 1;
	classes = {
	};
	objectVersion = 46;
	objects = {

/* Begin PBXBuildFile section */
		842DC57819B49B7100172A99 /* Foundation.framework in Frameworks */ = {isa = PBXBuildFile; fileRef = 842DC57719B49B7100172A99 /* Foundation.framework */; };
		842DC57A19B49B7100172A99 /* CoreGraphics.framework in Frameworks */ = {isa = PBXBuildFile; fileRef = 842DC57919B49B7100172A99 /* CoreGraphics.framework */; };
		842DC57C19B49B7100172A99 /* UIKit.framework in Frameworks */ = {isa = PBXBuildFile; fileRef = 842DC57B19B49B7100172A99 /* UIKit.framework */; };
		842DC58219B49B7100172A99 /* InfoPlist.strings in Resources */ = {isa = PBXBuildFile; fileRef = 842DC58019B49B7100172A99 /* InfoPlist.strings */; };
		842DC58419B49B7100172A99 /* main.m in Sources */ = {isa = PBXBuildFile; fileRef = 842DC58319B49B7100172A99 /* main.m */; };
		842DC58819B49B7100172A99 /* AHAppDelegate.m in Sources */ = {isa = PBXBuildFile; fileRef = 842DC58719B49B7100172A99 /* AHAppDelegate.m */; };
		842DC58B19B49B7100172A99 /* Main_iPhone.storyboard in Resources */ = {isa = PBXBuildFile; fileRef = 842DC58919B49B7100172A99 /* Main_iPhone.storyboard */; };
		842DC58E19B49B7100172A99 /* Main_iPad.storyboard in Resources */ = {isa = PBXBuildFile; fileRef = 842DC58C19B49B7100172A99 /* Main_iPad.storyboard */; };
		842DC59119B49B7100172A99 /* AHViewController.m in Sources */ = {isa = PBXBuildFile; fileRef = 842DC59019B49B7100172A99 /* AHViewController.m */; };
		842DC59319B49B7100172A99 /* Images.xcassets in Resources */ = {isa = PBXBuildFile; fileRef = 842DC59219B49B7100172A99 /* Images.xcassets */; };
		842DC59A19B49B7100172A99 /* XCTest.framework in Frameworks */ = {isa = PBXBuildFile; fileRef = 842DC59919B49B7100172A99 /* XCTest.framework */; };
		842DC59B19B49B7100172A99 /* Foundation.framework in Frameworks */ = {isa = PBXBuildFile; fileRef = 842DC57719B49B7100172A99 /* Foundation.framework */; };
		842DC59C19B49B7100172A99 /* UIKit.framework in Frameworks */ = {isa = PBXBuildFile; fileRef = 842DC57B19B49B7100172A99 /* UIKit.framework */; };
		842DC5A419B49B7100172A99 /* InfoPlist.strings in Resources */ = {isa = PBXBuildFile; fileRef = 842DC5A219B49B7100172A99 /* InfoPlist.strings */; };
		842DC5A619B49B7100172A99 /* AppHypeSampleTests.m in Sources */ = {isa = PBXBuildFile; fileRef = 842DC5A519B49B7100172A99 /* AppHypeSampleTests.m */; };
		844D148419B5C42700C59D16 /* CoreMedia.framework in Frameworks */ = {isa = PBXBuildFile; fileRef = 844D148319B5C42700C59D16 /* CoreMedia.framework */; };
		844D148619B5C43900C59D16 /* AVFoundation.framework in Frameworks */ = {isa = PBXBuildFile; fileRef = 844D148519B5C43900C59D16 /* AVFoundation.framework */; };
		844D148819B5C91400C59D16 /* logo.png in Resources */ = {isa = PBXBuildFile; fileRef = 844D148719B5C91400C59D16 /* logo.png */; };
		844D148E19B5F32D00C59D16 /* AppHype_iOS_SDK.framework in Frameworks */ = {isa = PBXBuildFile; fileRef = 844D148D19B5F32D00C59D16 /* AppHype_iOS_SDK.framework */; };
/* End PBXBuildFile section */

/* Begin PBXContainerItemProxy section */
		842DC59D19B49B7100172A99 /* PBXContainerItemProxy */ = {
			isa = PBXContainerItemProxy;
			containerPortal = 842DC56C19B49B7100172A99 /* Project object */;
			proxyType = 1;
			remoteGlobalIDString = 842DC57319B49B7100172A99;
			remoteInfo = AppHypeSample;
		};
/* End PBXContainerItemProxy section */

/* Begin PBXFileReference section */
		842DC57419B49B7100172A99 /* AppHypeSample.app */ = {isa = PBXFileReference; explicitFileType = wrapper.application; includeInIndex = 0; path = AppHypeSample.app; sourceTree = BUILT_PRODUCTS_DIR; };
		842DC57719B49B7100172A99 /* Foundation.framework */ = {isa = PBXFileReference; lastKnownFileType = wrapper.framework; name = Foundation.framework; path = System/Library/Frameworks/Foundation.framework; sourceTree = SDKROOT; };
		842DC57919B49B7100172A99 /* CoreGraphics.framework */ = {isa = PBXFileReference; lastKnownFileType = wrapper.framework; name = CoreGraphics.framework; path = System/Library/Frameworks/CoreGraphics.framework; sourceTree = SDKROOT; };
		842DC57B19B49B7100172A99 /* UIKit.framework */ = {isa = PBXFileReference; lastKnownFileType = wrapper.framework; name = UIKit.framework; path = System/Library/Frameworks/UIKit.framework; sourceTree = SDKROOT; };
		842DC57F19B49B7100172A99 /* AppHypeSample-Info.plist */ = {isa = PBXFileReference; lastKnownFileType = text.plist.xml; path = "AppHypeSample-Info.plist"; sourceTree = "<group>"; };
		842DC58119B49B7100172A99 /* en */ = {isa = PBXFileReference; lastKnownFileType = text.plist.strings; name = en; path = en.lproj/InfoPlist.strings; sourceTree = "<group>"; };
		842DC58319B49B7100172A99 /* main.m */ = {isa = PBXFileReference; lastKnownFileType = sourcecode.c.objc; path = main.m; sourceTree = "<group>"; };
		842DC58519B49B7100172A99 /* AppHypeSample-Prefix.pch */ = {isa = PBXFileReference; lastKnownFileType = sourcecode.c.h; path = "AppHypeSample-Prefix.pch"; sourceTree = "<group>"; };
		842DC58619B49B7100172A99 /* AHAppDelegate.h */ = {isa = PBXFileReference; lastKnownFileType = sourcecode.c.h; path = AHAppDelegate.h; sourceTree = "<group>"; };
		842DC58719B49B7100172A99 /* AHAppDelegate.m */ = {isa = PBXFileReference; lastKnownFileType = sourcecode.c.objc; path = AHAppDelegate.m; sourceTree = "<group>"; };
		842DC58A19B49B7100172A99 /* Base */ = {isa = PBXFileReference; lastKnownFileType = file.storyboard; name = Base; path = Base.lproj/Main_iPhone.storyboard; sourceTree = "<group>"; };
		842DC58D19B49B7100172A99 /* Base */ = {isa = PBXFileReference; lastKnownFileType = file.storyboard; name = Base; path = Base.lproj/Main_iPad.storyboard; sourceTree = "<group>"; };
		842DC58F19B49B7100172A99 /* AHViewController.h */ = {isa = PBXFileReference; lastKnownFileType = sourcecode.c.h; path = AHViewController.h; sourceTree = "<group>"; };
		842DC59019B49B7100172A99 /* AHViewController.m */ = {isa = PBXFileReference; lastKnownFileType = sourcecode.c.objc; path = AHViewController.m; sourceTree = "<group>"; };
		842DC59219B49B7100172A99 /* Images.xcassets */ = {isa = PBXFileReference; lastKnownFileType = folder.assetcatalog; path = Images.xcassets; sourceTree = "<group>"; };
		842DC59819B49B7100172A99 /* AppHypeSampleTests.xctest */ = {isa = PBXFileReference; explicitFileType = wrapper.cfbundle; includeInIndex = 0; path = AppHypeSampleTests.xctest; sourceTree = BUILT_PRODUCTS_DIR; };
		842DC59919B49B7100172A99 /* XCTest.framework */ = {isa = PBXFileReference; lastKnownFileType = wrapper.framework; name = XCTest.framework; path = Library/Frameworks/XCTest.framework; sourceTree = DEVELOPER_DIR; };
		842DC5A119B49B7100172A99 /* AppHypeSampleTests-Info.plist */ = {isa = PBXFileReference; lastKnownFileType = text.plist.xml; path = "AppHypeSampleTests-Info.plist"; sourceTree = "<group>"; };
		842DC5A319B49B7100172A99 /* en */ = {isa = PBXFileReference; lastKnownFileType = text.plist.strings; name = en; path = en.lproj/InfoPlist.strings; sourceTree = "<group>"; };
		842DC5A519B49B7100172A99 /* AppHypeSampleTests.m */ = {isa = PBXFileReference; lastKnownFileType = sourcecode.c.objc; path = AppHypeSampleTests.m; sourceTree = "<group>"; };
		844D148319B5C42700C59D16 /* CoreMedia.framework */ = {isa = PBXFileReference; lastKnownFileType = wrapper.framework; name = CoreMedia.framework; path = System/Library/Frameworks/CoreMedia.framework; sourceTree = SDKROOT; };
		844D148519B5C43900C59D16 /* AVFoundation.framework */ = {isa = PBXFileReference; lastKnownFileType = wrapper.framework; name = AVFoundation.framework; path = System/Library/Frameworks/AVFoundation.framework; sourceTree = SDKROOT; };
		844D148719B5C91400C59D16 /* logo.png */ = {isa = PBXFileReference; lastKnownFileType = image.png; path = logo.png; sourceTree = "<group>"; };
		844D148D19B5F32D00C59D16 /* AppHype_iOS_SDK.framework */ = {isa = PBXFileReference; lastKnownFileType = wrapper.framework; path = AppHype_iOS_SDK.framework; sourceTree = "<group>"; };
/* End PBXFileReference section */

/* Begin PBXFrameworksBuildPhase section */
		842DC57119B49B7100172A99 /* Frameworks */ = {
			isa = PBXFrameworksBuildPhase;
			buildActionMask = 2147483647;
			files = (
				844D148619B5C43900C59D16 /* AVFoundation.framework in Frameworks */,
				844D148E19B5F32D00C59D16 /* AppHype_iOS_SDK.framework in Frameworks */,
				844D148419B5C42700C59D16 /* CoreMedia.framework in Frameworks */,
				842DC57A19B49B7100172A99 /* CoreGraphics.framework in Frameworks */,
				842DC57C19B49B7100172A99 /* UIKit.framework in Frameworks */,
				842DC57819B49B7100172A99 /* Foundation.framework in Frameworks */,
			);
			runOnlyForDeploymentPostprocessing = 0;
		};
		842DC59519B49B7100172A99 /* Frameworks */ = {
			isa = PBXFrameworksBuildPhase;
			buildActionMask = 2147483647;
			files = (
				842DC59A19B49B7100172A99 /* XCTest.framework in Frameworks */,
				842DC59C19B49B7100172A99 /* UIKit.framework in Frameworks */,
				842DC59B19B49B7100172A99 /* Foundation.framework in Frameworks */,
			);
			runOnlyForDeploymentPostprocessing = 0;
		};
/* End PBXFrameworksBuildPhase section */

/* Begin PBXGroup section */
		842DC56B19B49B7100172A99 = {
			isa = PBXGroup;
			children = (
				842DC57D19B49B7100172A99 /* AppHypeSample */,
				842DC59F19B49B7100172A99 /* AppHypeSampleTests */,
				842DC57619B49B7100172A99 /* Frameworks */,
				842DC57519B49B7100172A99 /* Products */,
			);
			sourceTree = "<group>";
		};
		842DC57519B49B7100172A99 /* Products */ = {
			isa = PBXGroup;
			children = (
				842DC57419B49B7100172A99 /* AppHypeSample.app */,
				842DC59819B49B7100172A99 /* AppHypeSampleTests.xctest */,
			);
			name = Products;
			sourceTree = "<group>";
		};
		842DC57619B49B7100172A99 /* Frameworks */ = {
			isa = PBXGroup;
			children = (
				844D148D19B5F32D00C59D16 /* AppHype_iOS_SDK.framework */,
				844D148519B5C43900C59D16 /* AVFoundation.framework */,
				844D148319B5C42700C59D16 /* CoreMedia.framework */,
				842DC57719B49B7100172A99 /* Foundation.framework */,
				842DC57919B49B7100172A99 /* CoreGraphics.framework */,
				842DC57B19B49B7100172A99 /* UIKit.framework */,
				842DC59919B49B7100172A99 /* XCTest.framework */,
			);
			name = Frameworks;
			sourceTree = "<group>";
		};
		842DC57D19B49B7100172A99 /* AppHypeSample */ = {
			isa = PBXGroup;
			children = (
				842DC58619B49B7100172A99 /* AHAppDelegate.h */,
				842DC58719B49B7100172A99 /* AHAppDelegate.m */,
				842DC58919B49B7100172A99 /* Main_iPhone.storyboard */,
				842DC58C19B49B7100172A99 /* Main_iPad.storyboard */,
				842DC58F19B49B7100172A99 /* AHViewController.h */,
				842DC59019B49B7100172A99 /* AHViewController.m */,
				842DC59219B49B7100172A99 /* Images.xcassets */,
				842DC57E19B49B7100172A99 /* Supporting Files */,
			);
			path = AppHypeSample;
			sourceTree = "<group>";
		};
		842DC57E19B49B7100172A99 /* Supporting Files */ = {
			isa = PBXGroup;
			children = (
				844D148719B5C91400C59D16 /* logo.png */,
				842DC57F19B49B7100172A99 /* AppHypeSample-Info.plist */,
				842DC58019B49B7100172A99 /* InfoPlist.strings */,
				842DC58319B49B7100172A99 /* main.m */,
				842DC58519B49B7100172A99 /* AppHypeSample-Prefix.pch */,
			);
			name = "Supporting Files";
			sourceTree = "<group>";
		};
		842DC59F19B49B7100172A99 /* AppHypeSampleTests */ = {
			isa = PBXGroup;
			children = (
				842DC5A519B49B7100172A99 /* AppHypeSampleTests.m */,
				842DC5A019B49B7100172A99 /* Supporting Files */,
			);
			path = AppHypeSampleTests;
			sourceTree = "<group>";
		};
		842DC5A019B49B7100172A99 /* Supporting Files */ = {
			isa = PBXGroup;
			children = (
				842DC5A119B49B7100172A99 /* AppHypeSampleTests-Info.plist */,
				842DC5A219B49B7100172A99 /* InfoPlist.strings */,
			);
			name = "Supporting Files";
			sourceTree = "<group>";
		};
/* End PBXGroup section */

/* Begin PBXNativeTarget section */
		842DC57319B49B7100172A99 /* AppHypeSample */ = {
			isa = PBXNativeTarget;
			buildConfigurationList = 842DC5A919B49B7100172A99 /* Build configuration list for PBXNativeTarget "AppHypeSample" */;
			buildPhases = (
				842DC57019B49B7100172A99 /* Sources */,
				842DC57119B49B7100172A99 /* Frameworks */,
				842DC57219B49B7100172A99 /* Resources */,
			);
			buildRules = (
			);
			dependencies = (
			);
			name = AppHypeSample;
			productName = AppHypeSample;
			productReference = 842DC57419B49B7100172A99 /* AppHypeSample.app */;
			productType = "com.apple.product-type.application";
		};
		842DC59719B49B7100172A99 /* AppHypeSampleTests */ = {
			isa = PBXNativeTarget;
			buildConfigurationList = 842DC5AC19B49B7100172A99 /* Build configuration list for PBXNativeTarget "AppHypeSampleTests" */;
			buildPhases = (
				842DC59419B49B7100172A99 /* Sources */,
				842DC59519B49B7100172A99 /* Frameworks */,
				842DC59619B49B7100172A99 /* Resources */,
			);
			buildRules = (
			);
			dependencies = (
				842DC59E19B49B7100172A99 /* PBXTargetDependency */,
			);
			name = AppHypeSampleTests;
			productName = AppHypeSampleTests;
			productReference = 842DC59819B49B7100172A99 /* AppHypeSampleTests.xctest */;
			productType = "com.apple.product-type.bundle.unit-test";
		};
/* End PBXNativeTarget section */

/* Begin PBXProject section */
		842DC56C19B49B7100172A99 /* Project object */ = {
			isa = PBXProject;
			attributes = {
				CLASSPREFIX = AH;
				LastUpgradeCheck = 0510;
				ORGANIZATIONNAME = "___FULLUSERNAME___";
				TargetAttributes = {
					842DC59719B49B7100172A99 = {
						TestTargetID = 842DC57319B49B7100172A99;
					};
				};
			};
			buildConfigurationList = 842DC56F19B49B7100172A99 /* Build configuration list for PBXProject "AppHypeSample" */;
			compatibilityVersion = "Xcode 3.2";
			developmentRegion = English;
			hasScannedForEncodings = 0;
			knownRegions = (
				en,
				Base,
			);
			mainGroup = 842DC56B19B49B7100172A99;
			productRefGroup = 842DC57519B49B7100172A99 /* Products */;
			projectDirPath = "";
			projectRoot = "";
			targets = (
				842DC57319B49B7100172A99 /* AppHypeSample */,
				842DC59719B49B7100172A99 /* AppHypeSampleTests */,
			);
		};
/* End PBXProject section */

/* Begin PBXResourcesBuildPhase section */
		842DC57219B49B7100172A99 /* Resources */ = {
			isa = PBXResourcesBuildPhase;
			buildActionMask = 2147483647;
			files = (
				842DC58E19B49B7100172A99 /* Main_iPad.storyboard in Resources */,
				844D148819B5C91400C59D16 /* logo.png in Resources */,
				842DC59319B49B7100172A99 /* Images.xcassets in Resources */,
				842DC58B19B49B7100172A99 /* Main_iPhone.storyboard in Resources */,
				842DC58219B49B7100172A99 /* InfoPlist.strings in Resources */,
			);
			runOnlyForDeploymentPostprocessing = 0;
		};
		842DC59619B49B7100172A99 /* Resources */ = {
			isa = PBXResourcesBuildPhase;
			buildActionMask = 2147483647;
			files = (
				842DC5A419B49B7100172A99 /* InfoPlist.strings in Resources */,
			);
			runOnlyForDeploymentPostprocessing = 0;
		};
/* End PBXResourcesBuildPhase section */

/* Begin PBXSourcesBuildPhase section */
		842DC57019B49B7100172A99 /* Sources */ = {
			isa = PBXSourcesBuildPhase;
			buildActionMask = 2147483647;
			files = (
				842DC58419B49B7100172A99 /* main.m in Sources */,
				842DC59119B49B7100172A99 /* AHViewController.m in Sources */,
				842DC58819B49B7100172A99 /* AHAppDelegate.m in Sources */,
			);
			runOnlyForDeploymentPostprocessing = 0;
		};
		842DC59419B49B7100172A99 /* Sources */ = {
			isa = PBXSourcesBuildPhase;
			buildActionMask = 2147483647;
			files = (
				842DC5A619B49B7100172A99 /* AppHypeSampleTests.m in Sources */,
			);
			runOnlyForDeploymentPostprocessing = 0;
		};
/* End PBXSourcesBuildPhase section */

/* Begin PBXTargetDependency section */
		842DC59E19B49B7100172A99 /* PBXTargetDependency */ = {
			isa = PBXTargetDependency;
			target = 842DC57319B49B7100172A99 /* AppHypeSample */;
			targetProxy = 842DC59D19B49B7100172A99 /* PBXContainerItemProxy */;
		};
/* End PBXTargetDependency section */

/* Begin PBXVariantGroup section */
		842DC58019B49B7100172A99 /* InfoPlist.strings */ = {
			isa = PBXVariantGroup;
			children = (
				842DC58119B49B7100172A99 /* en */,
			);
			name = InfoPlist.strings;
			sourceTree = "<group>";
		};
		842DC58919B49B7100172A99 /* Main_iPhone.storyboard */ = {
			isa = PBXVariantGroup;
			children = (
				842DC58A19B49B7100172A99 /* Base */,
			);
			name = Main_iPhone.storyboard;
			sourceTree = "<group>";
		};
		842DC58C19B49B7100172A99 /* Main_iPad.storyboard */ = {
			isa = PBXVariantGroup;
			children = (
				842DC58D19B49B7100172A99 /* Base */,
			);
			name = Main_iPad.storyboard;
			sourceTree = "<group>";
		};
		842DC5A219B49B7100172A99 /* InfoPlist.strings */ = {
			isa = PBXVariantGroup;
			children = (
				842DC5A319B49B7100172A99 /* en */,
			);
			name = InfoPlist.strings;
			sourceTree = "<group>";
		};
/* End PBXVariantGroup section */

/* Begin XCBuildConfiguration section */
		842DC5A719B49B7100172A99 /* Debug */ = {
			isa = XCBuildConfiguration;
			buildSettings = {
				ALWAYS_SEARCH_USER_PATHS = NO;
				CLANG_CXX_LANGUAGE_STANDARD = "gnu++0x";
				CLANG_CXX_LIBRARY = "libc++";
				CLANG_ENABLE_MODULES = YES;
				CLANG_ENABLE_OBJC_ARC = YES;
				CLANG_WARN_BOOL_CONVERSION = YES;
				CLANG_WARN_CONSTANT_CONVERSION = YES;
				CLANG_WARN_DIRECT_OBJC_ISA_USAGE = YES_ERROR;
				CLANG_WARN_EMPTY_BODY = YES;
				CLANG_WARN_ENUM_CONVERSION = YES;
				CLANG_WARN_INT_CONVERSION = YES;
				CLANG_WARN_OBJC_ROOT_CLASS = YES_ERROR;
				CLANG_WARN__DUPLICATE_METHOD_MATCH = YES;
				"CODE_SIGN_IDENTITY[sdk=iphoneos*]" = "iPhone Developer";
				COPY_PHASE_STRIP = NO;
				GCC_C_LANGUAGE_STANDARD = gnu99;
				GCC_DYNAMIC_NO_PIC = NO;
				GCC_OPTIMIZATION_LEVEL = 0;
				GCC_PREPROCESSOR_DEFINITIONS = (
					"DEBUG=1",
					"$(inherited)",
				);
				GCC_SYMBOLS_PRIVATE_EXTERN = NO;
				GCC_WARN_64_TO_32_BIT_CONVERSION = YES;
				GCC_WARN_ABOUT_RETURN_TYPE = YES_ERROR;
				GCC_WARN_UNDECLARED_SELECTOR = YES;
				GCC_WARN_UNINITIALIZED_AUTOS = YES_AGGRESSIVE;
				GCC_WARN_UNUSED_FUNCTION = YES;
				GCC_WARN_UNUSED_VARIABLE = YES;
				IPHONEOS_DEPLOYMENT_TARGET = 7.1;
				ONLY_ACTIVE_ARCH = YES;
				SDKROOT = iphoneos;
				TARGETED_DEVICE_FAMILY = "1,2";
			};
			name = Debug;
		};
		842DC5A819B49B7100172A99 /* Release */ = {
			isa = XCBuildConfiguration;
			buildSettings = {
				ALWAYS_SEARCH_USER_PATHS = NO;
				CLANG_CXX_LANGUAGE_STANDARD = "gnu++0x";
				CLANG_CXX_LIBRARY = "libc++";
				CLANG_ENABLE_MODULES = YES;
				CLANG_ENABLE_OBJC_ARC = YES;
				CLANG_WARN_BOOL_CONVERSION = YES;
				CLANG_WARN_CONSTANT_CONVERSION = YES;
				CLANG_WARN_DIRECT_OBJC_ISA_USAGE = YES_ERROR;
				CLANG_WARN_EMPTY_BODY = YES;
				CLANG_WARN_ENUM_CONVERSION = YES;
				CLANG_WARN_INT_CONVERSION = YES;
				CLANG_WARN_OBJC_ROOT_CLASS = YES_ERROR;
				CLANG_WARN__DUPLICATE_METHOD_MATCH = YES;
				"CODE_SIGN_IDENTITY[sdk=iphoneos*]" = "iPhone Developer";
				COPY_PHASE_STRIP = YES;
				ENABLE_NS_ASSERTIONS = NO;
				GCC_C_LANGUAGE_STANDARD = gnu99;
				GCC_WARN_64_TO_32_BIT_CONVERSION = YES;
				GCC_WARN_ABOUT_RETURN_TYPE = YES_ERROR;
				GCC_WARN_UNDECLARED_SELECTOR = YES;
				GCC_WARN_UNINITIALIZED_AUTOS = YES_AGGRESSIVE;
				GCC_WARN_UNUSED_FUNCTION = YES;
				GCC_WARN_UNUSED_VARIABLE = YES;
				IPHONEOS_DEPLOYMENT_TARGET = 7.1;
				SDKROOT = iphoneos;
				TARGETED_DEVICE_FAMILY = "1,2";
				VALIDATE_PRODUCT = YES;
			};
			name = Release;
		};
		842DC5AA19B49B7100172A99 /* Debug */ = {
			isa = XCBuildConfiguration;
			buildSettings = {
				ASSETCATALOG_COMPILER_APPICON_NAME = AppIcon;
				ASSETCATALOG_COMPILER_LAUNCHIMAGE_NAME = LaunchImage;
				FRAMEWORK_SEARCH_PATHS = (
					"$(inherited)",
					/Users/Admin/Desktop,
					"$(PROJECT_DIR)",
				);
				GCC_PRECOMPILE_PREFIX_HEADER = YES;
				GCC_PREFIX_HEADER = "AppHypeSample/AppHypeSample-Prefix.pch";
				INFOPLIST_FILE = "AppHypeSample/AppHypeSample-Info.plist";
				PRODUCT_NAME = "$(TARGET_NAME)";
				WRAPPER_EXTENSION = app;
			};
			name = Debug;
		};
		842DC5AB19B49B7100172A99 /* Release */ = {
			isa = XCBuildConfiguration;
			buildSettings = {
				ASSETCATALOG_COMPILER_APPICON_NAME = AppIcon;
				ASSETCATALOG_COMPILER_LAUNCHIMAGE_NAME = LaunchImage;
				FRAMEWORK_SEARCH_PATHS = (
					"$(inherited)",
					/Users/Admin/Desktop,
					"$(PROJECT_DIR)",
				);
				GCC_PRECOMPILE_PREFIX_HEADER = YES;
				GCC_PREFIX_HEADER = "AppHypeSample/AppHypeSample-Prefix.pch";
				INFOPLIST_FILE = "AppHypeSample/AppHypeSample-Info.plist";
				PRODUCT_NAME = "$(TARGET_NAME)";
				WRAPPER_EXTENSION = app;
			};
			name = Release;
		};
		842DC5AD19B49B7100172A99 /* Debug */ = {
			isa = XCBuildConfiguration;
			buildSettings = {
				BUNDLE_LOADER = "$(BUILT_PRODUCTS_DIR)/AppHypeSample.app/AppHypeSample";
				FRAMEWORK_SEARCH_PATHS = (
					"$(SDKROOT)/Developer/Library/Frameworks",
					"$(inherited)",
					"$(DEVELOPER_FRAMEWORKS_DIR)",
				);
				GCC_PRECOMPILE_PREFIX_HEADER = YES;
				GCC_PREFIX_HEADER = "AppHypeSample/AppHypeSample-Prefix.pch";
				GCC_PREPROCESSOR_DEFINITIONS = (
					"DEBUG=1",
					"$(inherited)",
				);
				INFOPLIST_FILE = "AppHypeSampleTests/AppHypeSampleTests-Info.plist";
				PRODUCT_NAME = "$(TARGET_NAME)";
				TEST_HOST = "$(BUNDLE_LOADER)";
				WRAPPER_EXTENSION = xctest;
			};
			name = Debug;
		};
		842DC5AE19B49B7100172A99 /* Release */ = {
			isa = XCBuildConfiguration;
			buildSettings = {
				BUNDLE_LOADER = "$(BUILT_PRODUCTS_DIR)/AppHypeSample.app/AppHypeSample";
				FRAMEWORK_SEARCH_PATHS = (
					"$(SDKROOT)/Developer/Library/Frameworks",
					"$(inherited)",
					"$(DEVELOPER_FRAMEWORKS_DIR)",
				);
				GCC_PRECOMPILE_PREFIX_HEADER = YES;
				GCC_PREFIX_HEADER = "AppHypeSample/AppHypeSample-Prefix.pch";
				INFOPLIST_FILE = "AppHypeSampleTests/AppHypeSampleTests-Info.plist";
				PRODUCT_NAME = "$(TARGET_NAME)";
				TEST_HOST = "$(BUNDLE_LOADER)";
				WRAPPER_EXTENSION = xctest;
			};
			name = Release;
		};
/* End XCBuildConfiguration section */

/* Begin XCConfigurationList section */
		842DC56F19B49B7100172A99 /* Build configuration list for PBXProject "AppHypeSample" */ = {
			isa = XCConfigurationList;
			buildConfigurations = (
				842DC5A719B49B7100172A99 /* Debug */,
				842DC5A819B49B7100172A99 /* Release */,
			);
			defaultConfigurationIsVisible = 0;
			defaultConfigurationName = Release;
		};
		842DC5A919B49B7100172A99 /* Build configuration list for PBXNativeTarget "AppHypeSample" */ = {
			isa = XCConfigurationList;
			buildConfigurations = (
				842DC5AA19B49B7100172A99 /* Debug */,
				842DC5AB19B49B7100172A99 /* Release */,
			);
			defaultConfigurationIsVisible = 0;
			defaultConfigurationName = Release;
		};
		842DC5AC19B49B7100172A99 /* Build configuration list for PBXNativeTarget "AppHypeSampleTests" */ = {
			isa = XCConfigurationList;
			buildConfigurations = (
				842DC5AD19B49B7100172A99 /* Debug */,
				842DC5AE19B49B7100172A99 /* Release */,
			);
			defaultConfigurationIsVisible = 0;
			defaultConfigurationName = Release;
		};
/* End XCConfigurationList section */
	};
	rootObject = 842DC56C19B49B7100172A99 /* Project object */;
}
